
Microsoft Visual Studio Solution File, Format Version 12.00
# Visual Studio Version 16
VisualStudioVersion = 16.0.30225.117
MinimumVisualStudioVersion = 10.0.40219.1
Project("{FAE04EC0-301F-11D3-BF4B-00C04F79EFBC}") = "ExerciseProject", "ExerciseProject\ExerciseProject.csproj", "{635AB529-39A3-46BE-A289-8C6388AF0F33}"
EndProject
Global
	GlobalSection(SolutionConfigurationPlatforms) = preSolution
		Debug|Any CPU = Debug|Any CPU
		Release|Any CPU = Release|Any CPU
	EndGlobalSection
	GlobalSection(ProjectConfigurationPlatforms) = postSolution
		{635AB529-39A3-46BE-A289-8C6388AF0F33}.Debug|Any CPU.ActiveCfg = Debug|Any CPU
		{635AB529-39A3-46BE-A289-8C6388AF0F33}.Debug|Any CPU.Build.0 = Debug|Any CPU
		{635AB529-39A3-46BE-A289-8C6388AF0F33}.Release|Any CPU.ActiveCfg = Release|Any CPU
		{635AB529-39A3-46BE-A289-8C6388AF0F33}.Release|Any CPU.Build.0 = Release|Any CPU
	EndGlobalSection
	GlobalSection(SolutionProperties) = preSolution
		HideSolutionNode = FALSE
	EndGlobalSection
	GlobalSection(ExtensibilityGlobals) = postSolution
		SolutionGuid = {DF588E67-5996-47BE-ACB8-EDC66AA2EF47}
	EndGlobalSection
EndGlobal
